
Microsoft Visual Studio Solution File, Format Version 12.00
# Visual Studio 15
VisualStudioVersion = 15.0.26730.16
MinimumVisualStudioVersion = 10.0.40219.1
Project("{FAE04EC0-301F-11D3-BF4B-00C04F79EFBC}") = "EscoCodeTest", "EscoCodeTest\EscoCodeTest.csproj", "{BD876C20-15FC-479B-8E25-733B62F89C41}"
EndProject
Global
	GlobalSection(SolutionConfigurationPlatforms) = preSolution
		Debug|Any CPU = Debug|Any CPU
		Release|Any CPU = Release|Any CPU
	EndGlobalSection
	GlobalSection(ProjectConfigurationPlatforms) = postSolution
		{BD876C20-15FC-479B-8E25-733B62F89C41}.Debug|Any CPU.ActiveCfg = Debug|Any CPU
		{BD876C20-15FC-479B-8E25-733B62F89C41}.Debug|Any CPU.Build.0 = Debug|Any CPU
		{BD876C20-15FC-479B-8E25-733B62F89C41}.Release|Any CPU.ActiveCfg = Release|Any CPU
		{BD876C20-15FC-479B-8E25-733B62F89C41}.Release|Any CPU.Build.0 = Release|Any CPU
	EndGlobalSection
	GlobalSection(SolutionProperties) = preSolution
		HideSolutionNode = FALSE
	EndGlobalSection
	GlobalSection(ExtensibilityGlobals) = postSolution
		SolutionGuid = {8BE7EEDF-146E-4701-9B5C-D06CFF6AAC4A}
	EndGlobalSection
EndGlobal
